
Microsoft Visual Studio Solution File, Format Version 12.00
# Visual Studio Version 17
VisualStudioVersion = 17.11.35312.102
MinimumVisualStudioVersion = 10.0.40219.1
Project("{FAE04EC0-301F-11D3-BF4B-00C04F79EFBC}") = "SchiffeVersenken", "SchiffeVersenken\SchiffeVersenken.csproj", "{072988EA-B822-436E-9B67-1C654143CAAA}"
EndProject
Global
	GlobalSection(SolutionConfigurationPlatforms) = preSolution
		Debug|Any CPU = Debug|Any CPU
		Release|Any CPU = Release|Any CPU
	EndGlobalSection
	GlobalSection(ProjectConfigurationPlatforms) = postSolution
		{072988EA-B822-436E-9B67-1C654143CAAA}.Debug|Any CPU.ActiveCfg = Debug|Any CPU
		{072988EA-B822-436E-9B67-1C654143CAAA}.Debug|Any CPU.Build.0 = Debug|Any CPU
		{072988EA-B822-436E-9B67-1C654143CAAA}.Release|Any CPU.ActiveCfg = Release|Any CPU
		{072988EA-B822-436E-9B67-1C654143CAAA}.Release|Any CPU.Build.0 = Release|Any CPU
	EndGlobalSection
	GlobalSection(SolutionProperties) = preSolution
		HideSolutionNode = FALSE
	EndGlobalSection
	GlobalSection(ExtensibilityGlobals) = postSolution
		SolutionGuid = {B98B528B-D571-479E-84FF-9B6339C28F58}
	EndGlobalSection
EndGlobal
